
Microsoft Visual Studio Solution File, Format Version 12.00
# Visual Studio 15
VisualStudioVersion = 15.0.28307.1022
MinimumVisualStudioVersion = 10.0.40219.1
Project("{8BC9CEB8-8B4A-11D0-8D11-00A0C91BC942}") = "SeqListC", "SeqListC\SeqListC.vcxproj", "{2AE4C3AD-5E10-48FA-897B-E3CCAB4E8F44}"
EndProject
Project("{8BC9CEB8-8B4A-11D0-8D11-00A0C91BC942}") = "SeqListCpp", "SeqListCpp\SeqListCpp.vcxproj", "{0597DA40-15DB-479B-AEAD-1CC99C98D0EE}"
EndProject
Project("{8BC9CEB8-8B4A-11D0-8D11-00A0C91BC942}") = "Polynomial", "LinkList\LinkList.vcxproj", "{B5AADEF4-D1B6-466D-AF3B-8A7458564B14}"
EndProject
Project("{8BC9CEB8-8B4A-11D0-8D11-00A0C91BC942}") = "Map_Color_Plus", "Map_Color\Map_Color.vcxproj", "{79471AB8-F93B-4F55-8103-A182C647AD63}"
EndProject
Project("{8BC9CEB8-8B4A-11D0-8D11-00A0C91BC942}") = "Map_Color", "Map\Map.vcxproj", "{55F68643-E13A-48F0-8532-EECC33824532}"
EndProject
Project("{8BC9CEB8-8B4A-11D0-8D11-00A0C91BC942}") = "Queue", "Queue\Queue.vcxproj", "{4DB6C15F-F20E-4BB8-BB75-F07D72DBB6D8}"
EndProject
Project("{8BC9CEB8-8B4A-11D0-8D11-00A0C91BC942}") = "Queue_Plus", "Queue_Plus\Queue_Plus.vcxproj", "{8222D680-39B2-4CAF-80DA-8C5FB1B78CDC}"
EndProject
Project("{2150E333-8FDC-42A3-9474-1A3956D46DE8}") = "实验一-顺序表", "实验一-顺序表", "{28698251-696E-4E35-B728-102FDC56346A}"
EndProject
Project("{2150E333-8FDC-42A3-9474-1A3956D46DE8}") = "实验二-栈和队列", "实验二-栈和队列", "{304BAB71-CD21-4CC9-BF4B-33F8E513BEB5}"
EndProject
Project("{2150E333-8FDC-42A3-9474-1A3956D46DE8}") = "实验三-串", "实验三-串", "{62A40A3C-7DA5-4849-8844-166771D14B86}"
EndProject
Project("{8BC9CEB8-8B4A-11D0-8D11-00A0C91BC942}") = "String", "String\String.vcxproj", "{31EEA440-618C-48FD-95FD-498093B337EA}"
EndProject
Project("{8BC9CEB8-8B4A-11D0-8D11-00A0C91BC942}") = "test", "test\test.vcxproj", "{796E7E2E-66F4-429B-A715-02929C446861}"
EndProject
Project("{2150E333-8FDC-42A3-9474-1A3956D46DE8}") = "实验四-数组", "实验四-数组", "{DBE761DC-5482-47B8-95B0-F75EC5E6F117}"
EndProject
Project("{8BC9CEB8-8B4A-11D0-8D11-00A0C91BC942}") = "Triplet", "Triplet\Triplet.vcxproj", "{09186143-ED35-4C22-9A28-7009E65EA79D}"
EndProject
Project("{2150E333-8FDC-42A3-9474-1A3956D46DE8}") = "randy_L", "randy_L", "{543227D5-B496-4B48-8C0C-ABBDB97B10DB}"
EndProject
Project("{8BC9CEB8-8B4A-11D0-8D11-00A0C91BC942}") = "Two Sum", "LeetCode\LeetCode.vcxproj", "{F813EB17-04D4-4645-8D17-CF382316CD10}"
EndProject
Project("{8BC9CEB8-8B4A-11D0-8D11-00A0C91BC942}") = "JumpGame", "JumpGame\JumpGame.vcxproj", "{E06AB2FD-69E7-4F7F-B286-A0124392414D}"
EndProject
Project("{2150E333-8FDC-42A3-9474-1A3956D46DE8}") = "实验五-树", "实验五-树", "{8E696FDE-CA5C-433D-BC50-20ECAAE6B709}"
EndProject
Project("{8BC9CEB8-8B4A-11D0-8D11-00A0C91BC942}") = "BinTree", "BinTree\BinTree.vcxproj", "{6B5401D3-7E13-462B-A44C-5B59ED190625}"
EndProject
Project("{8BC9CEB8-8B4A-11D0-8D11-00A0C91BC942}") = "ElemTypeBinTree", "ElemTypeBinTree\ElemTypeBinTree.vcxproj", "{FFE170A1-C01D-4618-B6FD-B1AB36793C70}"
EndProject
Project("{8BC9CEB8-8B4A-11D0-8D11-00A0C91BC942}") = "Project1", "Project1\Project1.vcxproj", "{D5C0434A-EDDF-4C89-997B-DF0DAA1383B0}"
EndProject
Project("{2150E333-8FDC-42A3-9474-1A3956D46DE8}") = "实验六-图", "实验六-图", "{3579BCB9-5A6D-4A7D-8187-CA62A8D50AEB}"
EndProject
Project("{8BC9CEB8-8B4A-11D0-8D11-00A0C91BC942}") = "Graph", "Graph\Graph.vcxproj", "{7340CE07-4AFC-411A-ABB2-58CC18EE5B54}"
EndProject
Project("{8BC9CEB8-8B4A-11D0-8D11-00A0C91BC942}") = "GraphPlus", "GraphPlus\GraphPlus.vcxproj", "{03BD5300-3BC5-4BDE-BEA6-474CFB26EDDC}"
EndProject
Global
	GlobalSection(SolutionConfigurationPlatforms) = preSolution
		Debug|x64 = Debug|x64
		Debug|x86 = Debug|x86
		Release|x64 = Release|x64
		Release|x86 = Release|x86
	EndGlobalSection
	GlobalSection(ProjectConfigurationPlatforms) = postSolution
		{2AE4C3AD-5E10-48FA-897B-E3CCAB4E8F44}.Debug|x64.ActiveCfg = Debug|x64
		{2AE4C3AD-5E10-48FA-897B-E3CCAB4E8F44}.Debug|x64.Build.0 = Debug|x64
		{2AE4C3AD-5E10-48FA-897B-E3CCAB4E8F44}.Debug|x86.ActiveCfg = Debug|Win32
		{2AE4C3AD-5E10-48FA-897B-E3CCAB4E8F44}.Debug|x86.Build.0 = Debug|Win32
		{2AE4C3AD-5E10-48FA-897B-E3CCAB4E8F44}.Release|x64.ActiveCfg = Release|x64
		{2AE4C3AD-5E10-48FA-897B-E3CCAB4E8F44}.Release|x64.Build.0 = Release|x64
		{2AE4C3AD-5E10-48FA-897B-E3CCAB4E8F44}.Release|x86.ActiveCfg = Release|Win32
		{2AE4C3AD-5E10-48FA-897B-E3CCAB4E8F44}.Release|x86.Build.0 = Release|Win32
		{0597DA40-15DB-479B-AEAD-1CC99C98D0EE}.Debug|x64.ActiveCfg = Debug|x64
		{0597DA40-15DB-479B-AEAD-1CC99C98D0EE}.Debug|x64.Build.0 = Debug|x64
		{0597DA40-15DB-479B-AEAD-1CC99C98D0EE}.Debug|x86.ActiveCfg = Debug|Win32
		{0597DA40-15DB-479B-AEAD-1CC99C98D0EE}.Debug|x86.Build.0 = Debug|Win32
		{0597DA40-15DB-479B-AEAD-1CC99C98D0EE}.Release|x64.ActiveCfg = Release|x64
		{0597DA40-15DB-479B-AEAD-1CC99C98D0EE}.Release|x64.Build.0 = Release|x64
		{0597DA40-15DB-479B-AEAD-1CC99C98D0EE}.Release|x86.ActiveCfg = Release|Win32
		{0597DA40-15DB-479B-AEAD-1CC99C98D0EE}.Release|x86.Build.0 = Release|Win32
		{B5AADEF4-D1B6-466D-AF3B-8A7458564B14}.Debug|x64.ActiveCfg = Debug|x64
		{B5AADEF4-D1B6-466D-AF3B-8A7458564B14}.Debug|x64.Build.0 = Debug|x64
		{B5AADEF4-D1B6-466D-AF3B-8A7458564B14}.Debug|x86.ActiveCfg = Debug|Win32
		{B5AADEF4-D1B6-466D-AF3B-8A7458564B14}.Debug|x86.Build.0 = Debug|Win32
		{B5AADEF4-D1B6-466D-AF3B-8A7458564B14}.Release|x64.ActiveCfg = Release|x64
		{B5AADEF4-D1B6-466D-AF3B-8A7458564B14}.Release|x64.Build.0 = Release|x64
		{B5AADEF4-D1B6-466D-AF3B-8A7458564B14}.Release|x86.ActiveCfg = Release|Win32
		{B5AADEF4-D1B6-466D-AF3B-8A7458564B14}.Release|x86.Build.0 = Release|Win32
		{79471AB8-F93B-4F55-8103-A182C647AD63}.Debug|x64.ActiveCfg = Debug|x64
		{79471AB8-F93B-4F55-8103-A182C647AD63}.Debug|x64.Build.0 = Debug|x64
		{79471AB8-F93B-4F55-8103-A182C647AD63}.Debug|x86.ActiveCfg = Debug|Win32
		{79471AB8-F93B-4F55-8103-A182C647AD63}.Debug|x86.Build.0 = Debug|Win32
		{79471AB8-F93B-4F55-8103-A182C647AD63}.Release|x64.ActiveCfg = Release|x64
		{79471AB8-F93B-4F55-8103-A182C647AD63}.Release|x64.Build.0 = Release|x64
		{79471AB8-F93B-4F55-8103-A182C647AD63}.Release|x86.ActiveCfg = Release|Win32
		{79471AB8-F93B-4F55-8103-A182C647AD63}.Release|x86.Build.0 = Release|Win32
		{55F68643-E13A-48F0-8532-EECC33824532}.Debug|x64.ActiveCfg = Debug|x64
		{55F68643-E13A-48F0-8532-EECC33824532}.Debug|x64.Build.0 = Debug|x64
		{55F68643-E13A-48F0-8532-EECC33824532}.Debug|x86.ActiveCfg = Debug|Win32
		{55F68643-E13A-48F0-8532-EECC33824532}.Debug|x86.Build.0 = Debug|Win32
		{55F68643-E13A-48F0-8532-EECC33824532}.Release|x64.ActiveCfg = Release|x64
		{55F68643-E13A-48F0-8532-EECC33824532}.Release|x64.Build.0 = Release|x64
		{55F68643-E13A-48F0-8532-EECC33824532}.Release|x86.ActiveCfg = Release|Win32
		{55F68643-E13A-48F0-8532-EECC33824532}.Release|x86.Build.0 = Release|Win32
		{4DB6C15F-F20E-4BB8-BB75-F07D72DBB6D8}.Debug|x64.ActiveCfg = Debug|x64
		{4DB6C15F-F20E-4BB8-BB75-F07D72DBB6D8}.Debug|x64.Build.0 = Debug|x64
		{4DB6C15F-F20E-4BB8-BB75-F07D72DBB6D8}.Debug|x86.ActiveCfg = Debug|Win32
		{4DB6C15F-F20E-4BB8-BB75-F07D72DBB6D8}.Debug|x86.Build.0 = Debug|Win32
		{4DB6C15F-F20E-4BB8-BB75-F07D72DBB6D8}.Release|x64.ActiveCfg = Release|x64
		{4DB6C15F-F20E-4BB8-BB75-F07D72DBB6D8}.Release|x64.Build.0 = Release|x64
		{4DB6C15F-F20E-4BB8-BB75-F07D72DBB6D8}.Release|x86.ActiveCfg = Release|Win32
		{4DB6C15F-F20E-4BB8-BB75-F07D72DBB6D8}.Release|x86.Build.0 = Release|Win32
		{8222D680-39B2-4CAF-80DA-8C5FB1B78CDC}.Debug|x64.ActiveCfg = Debug|x64
		{8222D680-39B2-4CAF-80DA-8C5FB1B78CDC}.Debug|x64.Build.0 = Debug|x64
		{8222D680-39B2-4CAF-80DA-8C5FB1B78CDC}.Debug|x86.ActiveCfg = Debug|Win32
		{8222D680-39B2-4CAF-80DA-8C5FB1B78CDC}.Debug|x86.Build.0 = Debug|Win32
		{8222D680-39B2-4CAF-80DA-8C5FB1B78CDC}.Release|x64.ActiveCfg = Release|x64
		{8222D680-39B2-4CAF-80DA-8C5FB1B78CDC}.Release|x64.Build.0 = Release|x64
		{8222D680-39B2-4CAF-80DA-8C5FB1B78CDC}.Release|x86.ActiveCfg = Release|Win32
		{8222D680-39B2-4CAF-80DA-8C5FB1B78CDC}.Release|x86.Build.0 = Release|Win32
		{31EEA440-618C-48FD-95FD-498093B337EA}.Debug|x64.ActiveCfg = Debug|x64
		{31EEA440-618C-48FD-95FD-498093B337EA}.Debug|x64.Build.0 = Debug|x64
		{31EEA440-618C-48FD-95FD-498093B337EA}.Debug|x86.ActiveCfg = Debug|Win32
		{31EEA440-618C-48FD-95FD-498093B337EA}.Debug|x86.Build.0 = Debug|Win32
		{31EEA440-618C-48FD-95FD-498093B337EA}.Release|x64.ActiveCfg = Release|x64
		{31EEA440-618C-48FD-95FD-498093B337EA}.Release|x64.Build.0 = Release|x64
		{31EEA440-618C-48FD-95FD-498093B337EA}.Release|x86.ActiveCfg = Release|Win32
		{31EEA440-618C-48FD-95FD-498093B337EA}.Release|x86.Build.0 = Release|Win32
		{796E7E2E-66F4-429B-A715-02929C446861}.Debug|x64.ActiveCfg = Debug|x64
		{796E7E2E-66F4-429B-A715-02929C446861}.Debug|x64.Build.0 = Debug|x64
		{796E7E2E-66F4-429B-A715-02929C446861}.Debug|x86.ActiveCfg = Debug|Win32
		{796E7E2E-66F4-429B-A715-02929C446861}.Debug|x86.Build.0 = Debug|Win32
		{796E7E2E-66F4-429B-A715-02929C446861}.Release|x64.ActiveCfg = Release|x64
		{796E7E2E-66F4-429B-A715-02929C446861}.Release|x64.Build.0 = Release|x64
		{796E7E2E-66F4-429B-A715-02929C446861}.Release|x86.ActiveCfg = Release|Win32
		{796E7E2E-66F4-429B-A715-02929C446861}.Release|x86.Build.0 = Release|Win32
		{09186143-ED35-4C22-9A28-7009E65EA79D}.Debug|x64.ActiveCfg = Debug|x64
		{09186143-ED35-4C22-9A28-7009E65EA79D}.Debug|x64.Build.0 = Debug|x64
		{09186143-ED35-4C22-9A28-7009E65EA79D}.Debug|x86.ActiveCfg = Debug|Win32
		{09186143-ED35-4C22-9A28-7009E65EA79D}.Debug|x86.Build.0 = Debug|Win32
		{09186143-ED35-4C22-9A28-7009E65EA79D}.Release|x64.ActiveCfg = Release|x64
		{09186143-ED35-4C22-9A28-7009E65EA79D}.Release|x64.Build.0 = Release|x64
		{09186143-ED35-4C22-9A28-7009E65EA79D}.Release|x86.ActiveCfg = Release|Win32
		{09186143-ED35-4C22-9A28-7009E65EA79D}.Release|x86.Build.0 = Release|Win32
		{F813EB17-04D4-4645-8D17-CF382316CD10}.Debug|x64.ActiveCfg = Debug|x64
		{F813EB17-04D4-4645-8D17-CF382316CD10}.Debug|x64.Build.0 = Debug|x64
		{F813EB17-04D4-4645-8D17-CF382316CD10}.Debug|x86.ActiveCfg = Debug|Win32
		{F813EB17-04D4-4645-8D17-CF382316CD10}.Debug|x86.Build.0 = Debug|Win32
		{F813EB17-04D4-4645-8D17-CF382316CD10}.Release|x64.ActiveCfg = Release|x64
		{F813EB17-04D4-4645-8D17-CF382316CD10}.Release|x64.Build.0 = Release|x64
		{F813EB17-04D4-4645-8D17-CF382316CD10}.Release|x86.ActiveCfg = Release|Win32
		{F813EB17-04D4-4645-8D17-CF382316CD10}.Release|x86.Build.0 = Release|Win32
		{E06AB2FD-69E7-4F7F-B286-A0124392414D}.Debug|x64.ActiveCfg = Debug|x64
		{E06AB2FD-69E7-4F7F-B286-A0124392414D}.Debug|x64.Build.0 = Debug|x64
		{E06AB2FD-69E7-4F7F-B286-A0124392414D}.Debug|x86.ActiveCfg = Debug|Win32
		{E06AB2FD-69E7-4F7F-B286-A0124392414D}.Debug|x86.Build.0 = Debug|Win32
		{E06AB2FD-69E7-4F7F-B286-A0124392414D}.Release|x64.ActiveCfg = Release|x64
		{E06AB2FD-69E7-4F7F-B286-A0124392414D}.Release|x64.Build.0 = Release|x64
		{E06AB2FD-69E7-4F7F-B286-A0124392414D}.Release|x86.ActiveCfg = Release|Win32
		{E06AB2FD-69E7-4F7F-B286-A0124392414D}.Release|x86.Build.0 = Release|Win32
		{6B5401D3-7E13-462B-A44C-5B59ED190625}.Debug|x64.ActiveCfg = Debug|x64
		{6B5401D3-7E13-462B-A44C-5B59ED190625}.Debug|x64.Build.0 = Debug|x64
		{6B5401D3-7E13-462B-A44C-5B59ED190625}.Debug|x86.ActiveCfg = Debug|Win32
		{6B5401D3-7E13-462B-A44C-5B59ED190625}.Debug|x86.Build.0 = Debug|Win32
		{6B5401D3-7E13-462B-A44C-5B59ED190625}.Release|x64.ActiveCfg = Release|x64
		{6B5401D3-7E13-462B-A44C-5B59ED190625}.Release|x64.Build.0 = Release|x64
		{6B5401D3-7E13-462B-A44C-5B59ED190625}.Release|x86.ActiveCfg = Release|Win32
		{6B5401D3-7E13-462B-A44C-5B59ED190625}.Release|x86.Build.0 = Release|Win32
		{FFE170A1-C01D-4618-B6FD-B1AB36793C70}.Debug|x64.ActiveCfg = Debug|x64
		{FFE170A1-C01D-4618-B6FD-B1AB36793C70}.Debug|x64.Build.0 = Debug|x64
		{FFE170A1-C01D-4618-B6FD-B1AB36793C70}.Debug|x86.ActiveCfg = Debug|Win32
		{FFE170A1-C01D-4618-B6FD-B1AB36793C70}.Debug|x86.Build.0 = Debug|Win32
		{FFE170A1-C01D-4618-B6FD-B1AB36793C70}.Release|x64.ActiveCfg = Release|x64
		{FFE170A1-C01D-4618-B6FD-B1AB36793C70}.Release|x64.Build.0 = Release|x64
		{FFE170A1-C01D-4618-B6FD-B1AB36793C70}.Release|x86.ActiveCfg = Release|Win32
		{FFE170A1-C01D-4618-B6FD-B1AB36793C70}.Release|x86.Build.0 = Release|Win32
		{D5C0434A-EDDF-4C89-997B-DF0DAA1383B0}.Debug|x64.ActiveCfg = Debug|x64
		{D5C0434A-EDDF-4C89-997B-DF0DAA1383B0}.Debug|x64.Build.0 = Debug|x64
		{D5C0434A-EDDF-4C89-997B-DF0DAA1383B0}.Debug|x86.ActiveCfg = Debug|Win32
		{D5C0434A-EDDF-4C89-997B-DF0DAA1383B0}.Debug|x86.Build.0 = Debug|Win32
		{D5C0434A-EDDF-4C89-997B-DF0DAA1383B0}.Release|x64.ActiveCfg = Release|x64
		{D5C0434A-EDDF-4C89-997B-DF0DAA1383B0}.Release|x64.Build.0 = Release|x64
		{D5C0434A-EDDF-4C89-997B-DF0DAA1383B0}.Release|x86.ActiveCfg = Release|Win32
		{D5C0434A-EDDF-4C89-997B-DF0DAA1383B0}.Release|x86.Build.0 = Release|Win32
		{7340CE07-4AFC-411A-ABB2-58CC18EE5B54}.Debug|x64.ActiveCfg = Debug|x64
		{7340CE07-4AFC-411A-ABB2-58CC18EE5B54}.Debug|x64.Build.0 = Debug|x64
		{7340CE07-4AFC-411A-ABB2-58CC18EE5B54}.Debug|x86.ActiveCfg = Debug|Win32
		{7340CE07-4AFC-411A-ABB2-58CC18EE5B54}.Debug|x86.Build.0 = Debug|Win32
		{7340CE07-4AFC-411A-ABB2-58CC18EE5B54}.Release|x64.ActiveCfg = Release|x64
		{7340CE07-4AFC-411A-ABB2-58CC18EE5B54}.Release|x64.Build.0 = Release|x64
		{7340CE07-4AFC-411A-ABB2-58CC18EE5B54}.Release|x86.ActiveCfg = Release|Win32
		{7340CE07-4AFC-411A-ABB2-58CC18EE5B54}.Release|x86.Build.0 = Release|Win32
		{03BD5300-3BC5-4BDE-BEA6-474CFB26EDDC}.Debug|x64.ActiveCfg = Debug|x64
		{03BD5300-3BC5-4BDE-BEA6-474CFB26EDDC}.Debug|x64.Build.0 = Debug|x64
		{03BD5300-3BC5-4BDE-BEA6-474CFB26EDDC}.Debug|x86.ActiveCfg = Debug|Win32
		{03BD5300-3BC5-4BDE-BEA6-474CFB26EDDC}.Debug|x86.Build.0 = Debug|Win32
		{03BD5300-3BC5-4BDE-BEA6-474CFB26EDDC}.Release|x64.ActiveCfg = Release|x64
		{03BD5300-3BC5-4BDE-BEA6-474CFB26EDDC}.Release|x64.Build.0 = Release|x64
		{03BD5300-3BC5-4BDE-BEA6-474CFB26EDDC}.Release|x86.ActiveCfg = Release|Win32
		{03BD5300-3BC5-4BDE-BEA6-474CFB26EDDC}.Release|x86.Build.0 = Release|Win32
	EndGlobalSection
	GlobalSection(SolutionProperties) = preSolution
		HideSolutionNode = FALSE
	EndGlobalSection
	GlobalSection(NestedProjects) = preSolution
		{2AE4C3AD-5E10-48FA-897B-E3CCAB4E8F44} = {28698251-696E-4E35-B728-102FDC56346A}
		{0597DA40-15DB-479B-AEAD-1CC99C98D0EE} = {28698251-696E-4E35-B728-102FDC56346A}
		{B5AADEF4-D1B6-466D-AF3B-8A7458564B14} = {28698251-696E-4E35-B728-102FDC56346A}
		{79471AB8-F93B-4F55-8103-A182C647AD63} = {304BAB71-CD21-4CC9-BF4B-33F8E513BEB5}
		{55F68643-E13A-48F0-8532-EECC33824532} = {304BAB71-CD21-4CC9-BF4B-33F8E513BEB5}
		{4DB6C15F-F20E-4BB8-BB75-F07D72DBB6D8} = {304BAB71-CD21-4CC9-BF4B-33F8E513BEB5}
		{8222D680-39B2-4CAF-80DA-8C5FB1B78CDC} = {304BAB71-CD21-4CC9-BF4B-33F8E513BEB5}
		{31EEA440-618C-48FD-95FD-498093B337EA} = {62A40A3C-7DA5-4849-8844-166771D14B86}
		{796E7E2E-66F4-429B-A715-02929C446861} = {62A40A3C-7DA5-4849-8844-166771D14B86}
		{09186143-ED35-4C22-9A28-7009E65EA79D} = {DBE761DC-5482-47B8-95B0-F75EC5E6F117}
		{F813EB17-04D4-4645-8D17-CF382316CD10} = {543227D5-B496-4B48-8C0C-ABBDB97B10DB}
		{E06AB2FD-69E7-4F7F-B286-A0124392414D} = {543227D5-B496-4B48-8C0C-ABBDB97B10DB}
		{6B5401D3-7E13-462B-A44C-5B59ED190625} = {8E696FDE-CA5C-433D-BC50-20ECAAE6B709}
		{FFE170A1-C01D-4618-B6FD-B1AB36793C70} = {8E696FDE-CA5C-433D-BC50-20ECAAE6B709}
		{D5C0434A-EDDF-4C89-997B-DF0DAA1383B0} = {8E696FDE-CA5C-433D-BC50-20ECAAE6B709}
		{7340CE07-4AFC-411A-ABB2-58CC18EE5B54} = {3579BCB9-5A6D-4A7D-8187-CA62A8D50AEB}
		{03BD5300-3BC5-4BDE-BEA6-474CFB26EDDC} = {3579BCB9-5A6D-4A7D-8187-CA62A8D50AEB}
	EndGlobalSection
	GlobalSection(ExtensibilityGlobals) = postSolution
		SolutionGuid = {979622A0-229E-4815-8AFF-DF33C6DC3F06}
	EndGlobalSection
EndGlobal
